// !$*UTF8*$!
{
	archiveVersion = 1;
	classes = {
	};
	objectVersion = 50;
	objects = {

/* Begin PBXBuildFile section */
		30EB07B8FAF84DAFFD23511E /* Pods_PhotoMaps.framework in Frameworks */ = {isa = PBXBuildFile; fileRef = CCBE0083C6506E90CE31C675 /* Pods_PhotoMaps.framework */; };
		DA4EF82221780ABA0028B41D /* CustomImagePickerCell.xib in Resources */ = {isa = PBXBuildFile; fileRef = DA4EF820217809B80028B41D /* CustomImagePickerCell.xib */; };
		DA616D2421777C0300DB331E /* Map.swift in Sources */ = {isa = PBXBuildFile; fileRef = DA616D2321777C0300DB331E /* Map.swift */; };
		DA616D2621777C1700DB331E /* Location.swift in Sources */ = {isa = PBXBuildFile; fileRef = DA616D2521777C1700DB331E /* Location.swift */; };
		DA616D292177A7FB00DB331E /* AccessPromptViewController.swift in Sources */ = {isa = PBXBuildFile; fileRef = DA616D282177A7FB00DB331E /* AccessPromptViewController.swift */; };
		DA616D312177CB2200DB331E /* Colors.swift in Sources */ = {isa = PBXBuildFile; fileRef = DA616D2B2177CB2100DB331E /* Colors.swift */; };
		DA616D322177CB2200DB331E /* Buttons.swift in Sources */ = {isa = PBXBuildFile; fileRef = DA616D2C2177CB2100DB331E /* Buttons.swift */; };
		DA616D332177CB2200DB331E /* Gradient.swift in Sources */ = {isa = PBXBuildFile; fileRef = DA616D2D2177CB2100DB331E /* Gradient.swift */; };
		DA616D342177CB2200DB331E /* Layout.swift in Sources */ = {isa = PBXBuildFile; fileRef = DA616D2E2177CB2100DB331E /* Layout.swift */; };
		DA616D352177CB2200DB331E /* TextView.swift in Sources */ = {isa = PBXBuildFile; fileRef = DA616D2F2177CB2100DB331E /* TextView.swift */; };
		DA616D362177CB2200DB331E /* Font.swift in Sources */ = {isa = PBXBuildFile; fileRef = DA616D302177CB2100DB331E /* Font.swift */; };
		DA616D382177D4D300DB331E /* Labels.swift in Sources */ = {isa = PBXBuildFile; fileRef = DA616D372177D4D300DB331E /* Labels.swift */; };
		DA851F18217CF07800C770F4 /* EmptyStateView.swift in Sources */ = {isa = PBXBuildFile; fileRef = DA851F17217CF07800C770F4 /* EmptyStateView.swift */; };
		DAA04A62217A52160039E2E1 /* PhotoStripCollectionView.swift in Sources */ = {isa = PBXBuildFile; fileRef = DAA04A61217A52160039E2E1 /* PhotoStripCollectionView.swift */; };
		DAAC003C2178A61D00EF46A6 /* AccessDeniedViewController.swift in Sources */ = {isa = PBXBuildFile; fileRef = DAAC003B2178A61D00EF46A6 /* AccessDeniedViewController.swift */; };
		DAAC003E2178A67000EF46A6 /* MapListViewController.swift in Sources */ = {isa = PBXBuildFile; fileRef = DAAC003D2178A67000EF46A6 /* MapListViewController.swift */; };
		DAAC00402178AF2C00EF46A6 /* Picker.swift in Sources */ = {isa = PBXBuildFile; fileRef = DAAC003F2178AF2C00EF46A6 /* Picker.swift */; };
		DAAC00422178E0BD00EF46A6 /* Images.swift in Sources */ = {isa = PBXBuildFile; fileRef = DAAC00412178E0BD00EF46A6 /* Images.swift */; };
		DAAC0048217936FB00EF46A6 /* UserData.swift in Sources */ = {isa = PBXBuildFile; fileRef = DAAC0047217936FB00EF46A6 /* UserData.swift */; };
		DAAC004A217A153600EF46A6 /* MapViewController.swift in Sources */ = {isa = PBXBuildFile; fileRef = DAAC0049217A153600EF46A6 /* MapViewController.swift */; };
		DAAF2354217F79FE00D12A4F /* String.swift in Sources */ = {isa = PBXBuildFile; fileRef = DAAF2353217F79FE00D12A4F /* String.swift */; };
		DACDF301217F95E000F7708B /* PhotoStripCell.swift in Sources */ = {isa = PBXBuildFile; fileRef = DACDF300217F95E000F7708B /* PhotoStripCell.swift */; };
		DADC39EE2176203F00BB5AF1 /* AppDelegate.swift in Sources */ = {isa = PBXBuildFile; fileRef = DADC39ED2176203F00BB5AF1 /* AppDelegate.swift */; };
		DADC39F32176203F00BB5AF1 /* Main.storyboard in Resources */ = {isa = PBXBuildFile; fileRef = DADC39F12176203F00BB5AF1 /* Main.storyboard */; };
		DADC39F52176204000BB5AF1 /* Assets.xcassets in Resources */ = {isa = PBXBuildFile; fileRef = DADC39F42176204000BB5AF1 /* Assets.xcassets */; };
		DADC39F82176204000BB5AF1 /* LaunchScreen.storyboard in Resources */ = {isa = PBXBuildFile; fileRef = DADC39F62176204000BB5AF1 /* LaunchScreen.storyboard */; };
/* End PBXBuildFile section */

/* Begin PBXFileReference section */
		6CDB68389149251219EE912A /* Pods-PhotoMaps.debug.xcconfig */ = {isa = PBXFileReference; includeInIndex = 1; lastKnownFileType = text.xcconfig; name = "Pods-PhotoMaps.debug.xcconfig"; path = "Pods/Target Support Files/Pods-PhotoMaps/Pods-PhotoMaps.debug.xcconfig"; sourceTree = "<group>"; };
		C83AB97B828DAB25E20DA550 /* Pods-PhotoMaps.release.xcconfig */ = {isa = PBXFileReference; includeInIndex = 1; lastKnownFileType = text.xcconfig; name = "Pods-PhotoMaps.release.xcconfig"; path = "Pods/Target Support Files/Pods-PhotoMaps/Pods-PhotoMaps.release.xcconfig"; sourceTree = "<group>"; };
		CCBE0083C6506E90CE31C675 /* Pods_PhotoMaps.framework */ = {isa = PBXFileReference; explicitFileType = wrapper.framework; includeInIndex = 0; path = Pods_PhotoMaps.framework; sourceTree = BUILT_PRODUCTS_DIR; };
		DA4EF820217809B80028B41D /* CustomImagePickerCell.xib */ = {isa = PBXFileReference; lastKnownFileType = file.xib; path = CustomImagePickerCell.xib; sourceTree = "<group>"; };
		DA616D2321777C0300DB331E /* Map.swift */ = {isa = PBXFileReference; lastKnownFileType = sourcecode.swift; path = Map.swift; sourceTree = "<group>"; };
		DA616D2521777C1700DB331E /* Location.swift */ = {isa = PBXFileReference; lastKnownFileType = sourcecode.swift; path = Location.swift; sourceTree = "<group>"; };
		DA616D282177A7FB00DB331E /* AccessPromptViewController.swift */ = {isa = PBXFileReference; lastKnownFileType = sourcecode.swift; path = AccessPromptViewController.swift; sourceTree = "<group>"; };
		DA616D2B2177CB2100DB331E /* Colors.swift */ = {isa = PBXFileReference; fileEncoding = 4; lastKnownFileType = sourcecode.swift; path = Colors.swift; sourceTree = "<group>"; };
		DA616D2C2177CB2100DB331E /* Buttons.swift */ = {isa = PBXFileReference; fileEncoding = 4; lastKnownFileType = sourcecode.swift; path = Buttons.swift; sourceTree = "<group>"; };
		DA616D2D2177CB2100DB331E /* Gradient.swift */ = {isa = PBXFileReference; fileEncoding = 4; lastKnownFileType = sourcecode.swift; path = Gradient.swift; sourceTree = "<group>"; };
		DA616D2E2177CB2100DB331E /* Layout.swift */ = {isa = PBXFileReference; fileEncoding = 4; lastKnownFileType = sourcecode.swift; path = Layout.swift; sourceTree = "<group>"; };
		DA616D2F2177CB2100DB331E /* TextView.swift */ = {isa = PBXFileReference; fileEncoding = 4; lastKnownFileType = sourcecode.swift; path = TextView.swift; sourceTree = "<group>"; };
		DA616D302177CB2100DB331E /* Font.swift */ = {isa = PBXFileReference; fileEncoding = 4; lastKnownFileType = sourcecode.swift; path = Font.swift; sourceTree = "<group>"; };
		DA616D372177D4D300DB331E /* Labels.swift */ = {isa = PBXFileReference; lastKnownFileType = sourcecode.swift; path = Labels.swift; sourceTree = "<group>"; };
		DA851F17217CF07800C770F4 /* EmptyStateView.swift */ = {isa = PBXFileReference; lastKnownFileType = sourcecode.swift; path = EmptyStateView.swift; sourceTree = "<group>"; };
		DAA04A61217A52160039E2E1 /* PhotoStripCollectionView.swift */ = {isa = PBXFileReference; lastKnownFileType = sourcecode.swift; path = PhotoStripCollectionView.swift; sourceTree = "<group>"; };
		DAAC003B2178A61D00EF46A6 /* AccessDeniedViewController.swift */ = {isa = PBXFileReference; lastKnownFileType = sourcecode.swift; path = AccessDeniedViewController.swift; sourceTree = "<group>"; };
		DAAC003D2178A67000EF46A6 /* MapListViewController.swift */ = {isa = PBXFileReference; lastKnownFileType = sourcecode.swift; path = MapListViewController.swift; sourceTree = "<group>"; };
		DAAC003F2178AF2C00EF46A6 /* Picker.swift */ = {isa = PBXFileReference; lastKnownFileType = sourcecode.swift; path = Picker.swift; sourceTree = "<group>"; };
		DAAC00412178E0BD00EF46A6 /* Images.swift */ = {isa = PBXFileReference; lastKnownFileType = sourcecode.swift; path = Images.swift; sourceTree = "<group>"; };
		DAAC0047217936FB00EF46A6 /* UserData.swift */ = {isa = PBXFileReference; lastKnownFileType = sourcecode.swift; path = UserData.swift; sourceTree = "<group>"; };
		DAAC0049217A153600EF46A6 /* MapViewController.swift */ = {isa = PBXFileReference; lastKnownFileType = sourcecode.swift; path = MapViewController.swift; sourceTree = "<group>"; };
		DAAF2353217F79FE00D12A4F /* String.swift */ = {isa = PBXFileReference; lastKnownFileType = sourcecode.swift; path = String.swift; sourceTree = "<group>"; };
		DACDF300217F95E000F7708B /* PhotoStripCell.swift */ = {isa = PBXFileReference; lastKnownFileType = sourcecode.swift; path = PhotoStripCell.swift; sourceTree = "<group>"; };
		DADC39EA2176203F00BB5AF1 /* PhotoMaps.app */ = {isa = PBXFileReference; explicitFileType = wrapper.application; includeInIndex = 0; path = PhotoMaps.app; sourceTree = BUILT_PRODUCTS_DIR; };
		DADC39ED2176203F00BB5AF1 /* AppDelegate.swift */ = {isa = PBXFileReference; lastKnownFileType = sourcecode.swift; path = AppDelegate.swift; sourceTree = "<group>"; };
		DADC39F22176203F00BB5AF1 /* Base */ = {isa = PBXFileReference; lastKnownFileType = file.storyboard; name = Base; path = Base.lproj/Main.storyboard; sourceTree = "<group>"; };
		DADC39F42176204000BB5AF1 /* Assets.xcassets */ = {isa = PBXFileReference; lastKnownFileType = folder.assetcatalog; path = Assets.xcassets; sourceTree = "<group>"; };
		DADC39F72176204000BB5AF1 /* Base */ = {isa = PBXFileReference; lastKnownFileType = file.storyboard; name = Base; path = Base.lproj/LaunchScreen.storyboard; sourceTree = "<group>"; };
		DADC39F92176204000BB5AF1 /* Info.plist */ = {isa = PBXFileReference; lastKnownFileType = text.plist.xml; path = Info.plist; sourceTree = "<group>"; };
/* End PBXFileReference section */

/* Begin PBXFrameworksBuildPhase section */
		DADC39E72176203F00BB5AF1 /* Frameworks */ = {
			isa = PBXFrameworksBuildPhase;
			buildActionMask = 2147483647;
			files = (
				30EB07B8FAF84DAFFD23511E /* Pods_PhotoMaps.framework in Frameworks */,
			);
			runOnlyForDeploymentPostprocessing = 0;
		};
/* End PBXFrameworksBuildPhase section */

/* Begin PBXGroup section */
		7A89378C993C9B084F48D44B /* Pods */ = {
			isa = PBXGroup;
			children = (
				6CDB68389149251219EE912A /* Pods-PhotoMaps.debug.xcconfig */,
				C83AB97B828DAB25E20DA550 /* Pods-PhotoMaps.release.xcconfig */,
			);
			name = Pods;
			sourceTree = "<group>";
		};
		9C34BD5F600DB64FF3C6AC2D /* Frameworks */ = {
			isa = PBXGroup;
			children = (
				CCBE0083C6506E90CE31C675 /* Pods_PhotoMaps.framework */,
			);
			name = Frameworks;
			sourceTree = "<group>";
		};
		DA4EF81D217809500028B41D /* Views */ = {
			isa = PBXGroup;
			children = (
				DA4EF820217809B80028B41D /* CustomImagePickerCell.xib */,
				DAA04A61217A52160039E2E1 /* PhotoStripCollectionView.swift */,
				DACDF300217F95E000F7708B /* PhotoStripCell.swift */,
				DA851F17217CF07800C770F4 /* EmptyStateView.swift */,
			);
			path = Views;
			sourceTree = "<group>";
		};
		DA616D2221777BF200DB331E /* Model */ = {
			isa = PBXGroup;
			children = (
				DAAC0047217936FB00EF46A6 /* UserData.swift */,
				DA616D2321777C0300DB331E /* Map.swift */,
				DA616D2521777C1700DB331E /* Location.swift */,
			);
			path = Model;
			sourceTree = "<group>";
		};
		DA616D272177A7B900DB331E /* Controllers */ = {
			isa = PBXGroup;
			children = (
				DA616D282177A7FB00DB331E /* AccessPromptViewController.swift */,
				DAAC003B2178A61D00EF46A6 /* AccessDeniedViewController.swift */,
				DAAC003D2178A67000EF46A6 /* MapListViewController.swift */,
				DAAC0049217A153600EF46A6 /* MapViewController.swift */,
			);
			path = Controllers;
			sourceTree = "<group>";
		};
		DA616D2A2177CAE800DB331E /* Utils */ = {
			isa = PBXGroup;
			children = (
				DA616D2C2177CB2100DB331E /* Buttons.swift */,
				DA616D2B2177CB2100DB331E /* Colors.swift */,
				DA616D302177CB2100DB331E /* Font.swift */,
				DA616D2D2177CB2100DB331E /* Gradient.swift */,
				DA616D2E2177CB2100DB331E /* Layout.swift */,
				DA616D2F2177CB2100DB331E /* TextView.swift */,
				DA616D372177D4D300DB331E /* Labels.swift */,
				DAAC003F2178AF2C00EF46A6 /* Picker.swift */,
				DAAC00412178E0BD00EF46A6 /* Images.swift */,
				DAAF2353217F79FE00D12A4F /* String.swift */,
			);
			path = Utils;
			sourceTree = "<group>";
		};
		DADC39E12176203F00BB5AF1 = {
			isa = PBXGroup;
			children = (
				DADC39EC2176203F00BB5AF1 /* PhotoMaps */,
				DADC39EB2176203F00BB5AF1 /* Products */,
				7A89378C993C9B084F48D44B /* Pods */,
				9C34BD5F600DB64FF3C6AC2D /* Frameworks */,
			);
			sourceTree = "<group>";
		};
		DADC39EB2176203F00BB5AF1 /* Products */ = {
			isa = PBXGroup;
			children = (
				DADC39EA2176203F00BB5AF1 /* PhotoMaps.app */,
			);
			name = Products;
			sourceTree = "<group>";
		};
		DADC39EC2176203F00BB5AF1 /* PhotoMaps */ = {
			isa = PBXGroup;
			children = (
				DADC39F92176204000BB5AF1 /* Info.plist */,
				DADC39ED2176203F00BB5AF1 /* AppDelegate.swift */,
				DA616D2A2177CAE800DB331E /* Utils */,
				DA616D2221777BF200DB331E /* Model */,
				DA616D272177A7B900DB331E /* Controllers */,
				DA4EF81D217809500028B41D /* Views */,
				DADC39F42176204000BB5AF1 /* Assets.xcassets */,
				DADC39F12176203F00BB5AF1 /* Main.storyboard */,
				DADC39F62176204000BB5AF1 /* LaunchScreen.storyboard */,
			);
			path = PhotoMaps;
			sourceTree = "<group>";
		};
/* End PBXGroup section */

/* Begin PBXNativeTarget section */
		DADC39E92176203F00BB5AF1 /* PhotoMaps */ = {
			isa = PBXNativeTarget;
			buildConfigurationList = DADC39FC2176204000BB5AF1 /* Build configuration list for PBXNativeTarget "PhotoMaps" */;
			buildPhases = (
				6E80EA6242D4CEE3EBC59B7E /* [CP] Check Pods Manifest.lock */,
				DADC39E62176203F00BB5AF1 /* Sources */,
				DADC39E72176203F00BB5AF1 /* Frameworks */,
				DADC39E82176203F00BB5AF1 /* Resources */,
				18AE82429ECFA3D0D9B2FAEC /* [CP] Embed Pods Frameworks */,
			);
			buildRules = (
			);
			dependencies = (
			);
			name = PhotoMaps;
			productName = PhotoMaps;
			productReference = DADC39EA2176203F00BB5AF1 /* PhotoMaps.app */;
			productType = "com.apple.product-type.application";
		};
/* End PBXNativeTarget section */

/* Begin PBXProject section */
		DADC39E22176203F00BB5AF1 /* Project object */ = {
			isa = PBXProject;
			attributes = {
				LastSwiftUpdateCheck = 1000;
				LastUpgradeCheck = 1000;
				ORGANIZATIONNAME = "Fabio Giolito";
				TargetAttributes = {
					DADC39E92176203F00BB5AF1 = {
						CreatedOnToolsVersion = 10.0;
					};
				};
			};
			buildConfigurationList = DADC39E52176203F00BB5AF1 /* Build configuration list for PBXProject "PhotoMaps" */;
			compatibilityVersion = "Xcode 9.3";
			developmentRegion = en;
			hasScannedForEncodings = 0;
			knownRegions = (
				en,
				Base,
			);
			mainGroup = DADC39E12176203F00BB5AF1;
			productRefGroup = DADC39EB2176203F00BB5AF1 /* Products */;
			projectDirPath = "";
			projectRoot = "";
			targets = (
				DADC39E92176203F00BB5AF1 /* PhotoMaps */,
			);
		};
/* End PBXProject section */

/* Begin PBXResourcesBuildPhase section */
		DADC39E82176203F00BB5AF1 /* Resources */ = {
			isa = PBXResourcesBuildPhase;
			buildActionMask = 2147483647;
			files = (
				DADC39F82176204000BB5AF1 /* LaunchScreen.storyboard in Resources */,
				DADC39F52176204000BB5AF1 /* Assets.xcassets in Resources */,
				DA4EF82221780ABA0028B41D /* CustomImagePickerCell.xib in Resources */,
				DADC39F32176203F00BB5AF1 /* Main.storyboard in Resources */,
			);
			runOnlyForDeploymentPostprocessing = 0;
		};
/* End PBXResourcesBuildPhase section */

/* Begin PBXShellScriptBuildPhase section */
		18AE82429ECFA3D0D9B2FAEC /* [CP] Embed Pods Frameworks */ = {
			isa = PBXShellScriptBuildPhase;
			buildActionMask = 2147483647;
			files = (
			);
			inputFileListPaths = (
			);
			inputPaths = (
				"${SRCROOT}/Pods/Target Support Files/Pods-PhotoMaps/Pods-PhotoMaps-frameworks.sh",
				"${BUILT_PRODUCTS_DIR}/TLPhotoPicker/TLPhotoPicker.framework",
			);
			name = "[CP] Embed Pods Frameworks";
			outputFileListPaths = (
			);
			outputPaths = (
				"${TARGET_BUILD_DIR}/${FRAMEWORKS_FOLDER_PATH}/TLPhotoPicker.framework",
			);
			runOnlyForDeploymentPostprocessing = 0;
			shellPath = /bin/sh;
			shellScript = "\"${SRCROOT}/Pods/Target Support Files/Pods-PhotoMaps/Pods-PhotoMaps-frameworks.sh\"\n";
			showEnvVarsInLog = 0;
		};
		6E80EA6242D4CEE3EBC59B7E /* [CP] Check Pods Manifest.lock */ = {
			isa = PBXShellScriptBuildPhase;
			buildActionMask = 2147483647;
			files = (
			);
			inputFileListPaths = (
			);
			inputPaths = (
				"${PODS_PODFILE_DIR_PATH}/Podfile.lock",
				"${PODS_ROOT}/Manifest.lock",
			);
			name = "[CP] Check Pods Manifest.lock";
			outputFileListPaths = (
			);
			outputPaths = (
				"$(DERIVED_FILE_DIR)/Pods-PhotoMaps-checkManifestLockResult.txt",
			);
			runOnlyForDeploymentPostprocessing = 0;
			shellPath = /bin/sh;
			shellScript = "diff \"${PODS_PODFILE_DIR_PATH}/Podfile.lock\" \"${PODS_ROOT}/Manifest.lock\" > /dev/null\nif [ $? != 0 ] ; then\n    # print error to STDERR\n    echo \"error: The sandbox is not in sync with the Podfile.lock. Run 'pod install' or update your CocoaPods installation.\" >&2\n    exit 1\nfi\n# This output is used by Xcode 'outputs' to avoid re-running this script phase.\necho \"SUCCESS\" > \"${SCRIPT_OUTPUT_FILE_0}\"\n";
			showEnvVarsInLog = 0;
		};
/* End PBXShellScriptBuildPhase section */

/* Begin PBXSourcesBuildPhase section */
		DADC39E62176203F00BB5AF1 /* Sources */ = {
			isa = PBXSourcesBuildPhase;
			buildActionMask = 2147483647;
			files = (
				DAAC003E2178A67000EF46A6 /* MapListViewController.swift in Sources */,
				DA616D322177CB2200DB331E /* Buttons.swift in Sources */,
				DAAF2354217F79FE00D12A4F /* String.swift in Sources */,
				DA851F18217CF07800C770F4 /* EmptyStateView.swift in Sources */,
				DA616D362177CB2200DB331E /* Font.swift in Sources */,
				DAAC00422178E0BD00EF46A6 /* Images.swift in Sources */,
				DAA04A62217A52160039E2E1 /* PhotoStripCollectionView.swift in Sources */,
				DA616D382177D4D300DB331E /* Labels.swift in Sources */,
				DAAC00402178AF2C00EF46A6 /* Picker.swift in Sources */,
				DAAC004A217A153600EF46A6 /* MapViewController.swift in Sources */,
				DACDF301217F95E000F7708B /* PhotoStripCell.swift in Sources */,
				DA616D292177A7FB00DB331E /* AccessPromptViewController.swift in Sources */,
				DA616D312177CB2200DB331E /* Colors.swift in Sources */,
				DAAC0048217936FB00EF46A6 /* UserData.swift in Sources */,
				DA616D2421777C0300DB331E /* Map.swift in Sources */,
				DA616D342177CB2200DB331E /* Layout.swift in Sources */,
				DA616D2621777C1700DB331E /* Location.swift in Sources */,
				DADC39EE2176203F00BB5AF1 /* AppDelegate.swift in Sources */,
				DA616D332177CB2200DB331E /* Gradient.swift in Sources */,
				DA616D352177CB2200DB331E /* TextView.swift in Sources */,
				DAAC003C2178A61D00EF46A6 /* AccessDeniedViewController.swift in Sources */,
			);
			runOnlyForDeploymentPostprocessing = 0;
		};
/* End PBXSourcesBuildPhase section */

/* Begin PBXVariantGroup section */
		DADC39F12176203F00BB5AF1 /* Main.storyboard */ = {
			isa = PBXVariantGroup;
			children = (
				DADC39F22176203F00BB5AF1 /* Base */,
			);
			name = Main.storyboard;
			sourceTree = "<group>";
		};
		DADC39F62176204000BB5AF1 /* LaunchScreen.storyboard */ = {
			isa = PBXVariantGroup;
			children = (
				DADC39F72176204000BB5AF1 /* Base */,
			);
			name = LaunchScreen.storyboard;
			sourceTree = "<group>";
		};
/* End PBXVariantGroup section */

/* Begin XCBuildConfiguration section */
		DADC39FA2176204000BB5AF1 /* Debug */ = {
			isa = XCBuildConfiguration;
			buildSettings = {
				ALWAYS_SEARCH_USER_PATHS = NO;
				CLANG_ANALYZER_NONNULL = YES;
				CLANG_ANALYZER_NUMBER_OBJECT_CONVERSION = YES_AGGRESSIVE;
				CLANG_CXX_LANGUAGE_STANDARD = "gnu++14";
				CLANG_CXX_LIBRARY = "libc++";
				CLANG_ENABLE_MODULES = YES;
				CLANG_ENABLE_OBJC_ARC = YES;
				CLANG_ENABLE_OBJC_WEAK = YES;
				CLANG_WARN_BLOCK_CAPTURE_AUTORELEASING = YES;
				CLANG_WARN_BOOL_CONVERSION = YES;
				CLANG_WARN_COMMA = YES;
				CLANG_WARN_CONSTANT_CONVERSION = YES;
				CLANG_WARN_DEPRECATED_OBJC_IMPLEMENTATIONS = YES;
				CLANG_WARN_DIRECT_OBJC_ISA_USAGE = YES_ERROR;
				CLANG_WARN_DOCUMENTATION_COMMENTS = YES;
				CLANG_WARN_EMPTY_BODY = YES;
				CLANG_WARN_ENUM_CONVERSION = YES;
				CLANG_WARN_INFINITE_RECURSION = YES;
				CLANG_WARN_INT_CONVERSION = YES;
				CLANG_WARN_NON_LITERAL_NULL_CONVERSION = YES;
				CLANG_WARN_OBJC_IMPLICIT_RETAIN_SELF = YES;
				CLANG_WARN_OBJC_LITERAL_CONVERSION = YES;
				CLANG_WARN_OBJC_ROOT_CLASS = YES_ERROR;
				CLANG_WARN_RANGE_LOOP_ANALYSIS = YES;
				CLANG_WARN_STRICT_PROTOTYPES = YES;
				CLANG_WARN_SUSPICIOUS_MOVE = YES;
				CLANG_WARN_UNGUARDED_AVAILABILITY = YES_AGGRESSIVE;
				CLANG_WARN_UNREACHABLE_CODE = YES;
				CLANG_WARN__DUPLICATE_METHOD_MATCH = YES;
				CODE_SIGN_IDENTITY = "iPhone Developer";
				COPY_PHASE_STRIP = NO;
				DEBUG_INFORMATION_FORMAT = dwarf;
				ENABLE_STRICT_OBJC_MSGSEND = YES;
				ENABLE_TESTABILITY = YES;
				GCC_C_LANGUAGE_STANDARD = gnu11;
				GCC_DYNAMIC_NO_PIC = NO;
				GCC_NO_COMMON_BLOCKS = YES;
				GCC_OPTIMIZATION_LEVEL = 0;
				GCC_PREPROCESSOR_DEFINITIONS = (
					"DEBUG=1",
					"$(inherited)",
				);
				GCC_WARN_64_TO_32_BIT_CONVERSION = YES;
				GCC_WARN_ABOUT_RETURN_TYPE = YES_ERROR;
				GCC_WARN_UNDECLARED_SELECTOR = YES;
				GCC_WARN_UNINITIALIZED_AUTOS = YES_AGGRESSIVE;
				GCC_WARN_UNUSED_FUNCTION = YES;
				GCC_WARN_UNUSED_VARIABLE = YES;
				IPHONEOS_DEPLOYMENT_TARGET = 12.0;
				MTL_ENABLE_DEBUG_INFO = INCLUDE_SOURCE;
				MTL_FAST_MATH = YES;
				ONLY_ACTIVE_ARCH = YES;
				SDKROOT = iphoneos;
				SWIFT_ACTIVE_COMPILATION_CONDITIONS = DEBUG;
				SWIFT_OPTIMIZATION_LEVEL = "-Onone";
			};
			name = Debug;
		};
		DADC39FB2176204000BB5AF1 /* Release */ = {
			isa = XCBuildConfiguration;
			buildSettings = {
				ALWAYS_SEARCH_USER_PATHS = NO;
				CLANG_ANALYZER_NONNULL = YES;
				CLANG_ANALYZER_NUMBER_OBJECT_CONVERSION = YES_AGGRESSIVE;
				CLANG_CXX_LANGUAGE_STANDARD = "gnu++14";
				CLANG_CXX_LIBRARY = "libc++";
				CLANG_ENABLE_MODULES = YES;
				CLANG_ENABLE_OBJC_ARC = YES;
				CLANG_ENABLE_OBJC_WEAK = YES;
				CLANG_WARN_BLOCK_CAPTURE_AUTORELEASING = YES;
				CLANG_WARN_BOOL_CONVERSION = YES;
				CLANG_WARN_COMMA = YES;
				CLANG_WARN_CONSTANT_CONVERSION = YES;
				CLANG_WARN_DEPRECATED_OBJC_IMPLEMENTATIONS = YES;
				CLANG_WARN_DIRECT_OBJC_ISA_USAGE = YES_ERROR;
				CLANG_WARN_DOCUMENTATION_COMMENTS = YES;
				CLANG_WARN_EMPTY_BODY = YES;
				CLANG_WARN_ENUM_CONVERSION = YES;
				CLANG_WARN_INFINITE_RECURSION = YES;
				CLANG_WARN_INT_CONVERSION = YES;
				CLANG_WARN_NON_LITERAL_NULL_CONVERSION = YES;
				CLANG_WARN_OBJC_IMPLICIT_RETAIN_SELF = YES;
				CLANG_WARN_OBJC_LITERAL_CONVERSION = YES;
				CLANG_WARN_OBJC_ROOT_CLASS = YES_ERROR;
				CLANG_WARN_RANGE_LOOP_ANALYSIS = YES;
				CLANG_WARN_STRICT_PROTOTYPES = YES;
				CLANG_WARN_SUSPICIOUS_MOVE = YES;
				CLANG_WARN_UNGUARDED_AVAILABILITY = YES_AGGRESSIVE;
				CLANG_WARN_UNREACHABLE_CODE = YES;
				CLANG_WARN__DUPLICATE_METHOD_MATCH = YES;
				CODE_SIGN_IDENTITY = "iPhone Developer";
				COPY_PHASE_STRIP = NO;
				DEBUG_INFORMATION_FORMAT = "dwarf-with-dsym";
				ENABLE_NS_ASSERTIONS = NO;
				ENABLE_STRICT_OBJC_MSGSEND = YES;
				GCC_C_LANGUAGE_STANDARD = gnu11;
				GCC_NO_COMMON_BLOCKS = YES;
				GCC_WARN_64_TO_32_BIT_CONVERSION = YES;
				GCC_WARN_ABOUT_RETURN_TYPE = YES_ERROR;
				GCC_WARN_UNDECLARED_SELECTOR = YES;
				GCC_WARN_UNINITIALIZED_AUTOS = YES_AGGRESSIVE;
				GCC_WARN_UNUSED_FUNCTION = YES;
				GCC_WARN_UNUSED_VARIABLE = YES;
				IPHONEOS_DEPLOYMENT_TARGET = 12.0;
				MTL_ENABLE_DEBUG_INFO = NO;
				MTL_FAST_MATH = YES;
				SDKROOT = iphoneos;
				SWIFT_COMPILATION_MODE = wholemodule;
				SWIFT_OPTIMIZATION_LEVEL = "-O";
				VALIDATE_PRODUCT = YES;
			};
			name = Release;
		};
		DADC39FD2176204000BB5AF1 /* Debug */ = {
			isa = XCBuildConfiguration;
			baseConfigurationReference = 6CDB68389149251219EE912A /* Pods-PhotoMaps.debug.xcconfig */;
			buildSettings = {
				ASSETCATALOG_COMPILER_APPICON_NAME = AppIcon;
				CODE_SIGN_STYLE = Automatic;
				DEVELOPMENT_TEAM = S9XPG3G4NU;
				INFOPLIST_FILE = PhotoMaps/Info.plist;
				LD_RUNPATH_SEARCH_PATHS = (
					"$(inherited)",
					"@executable_path/Frameworks",
				);
				PRODUCT_BUNDLE_IDENTIFIER = to.gioli.PhotoMaps;
				PRODUCT_NAME = "$(TARGET_NAME)";
				SWIFT_VERSION = 4.2;
				TARGETED_DEVICE_FAMILY = "1,2";
			};
			name = Debug;
		};
		DADC39FE2176204000BB5AF1 /* Release */ = {
			isa = XCBuildConfiguration;
			baseConfigurationReference = C83AB97B828DAB25E20DA550 /* Pods-PhotoMaps.release.xcconfig */;
			buildSettings = {
				ASSETCATALOG_COMPILER_APPICON_NAME = AppIcon;
				CODE_SIGN_STYLE = Automatic;
				DEVELOPMENT_TEAM = S9XPG3G4NU;
				INFOPLIST_FILE = PhotoMaps/Info.plist;
				LD_RUNPATH_SEARCH_PATHS = (
					"$(inherited)",
					"@executable_path/Frameworks",
				);
				PRODUCT_BUNDLE_IDENTIFIER = to.gioli.PhotoMaps;
				PRODUCT_NAME = "$(TARGET_NAME)";
				SWIFT_VERSION = 4.2;
				TARGETED_DEVICE_FAMILY = "1,2";
			};
			name = Release;
		};
/* End XCBuildConfiguration section */

/* Begin XCConfigurationList section */
		DADC39E52176203F00BB5AF1 /* Build configuration list for PBXProject "PhotoMaps" */ = {
			isa = XCConfigurationList;
			buildConfigurations = (
				DADC39FA2176204000BB5AF1 /* Debug */,
				DADC39FB2176204000BB5AF1 /* Release */,
			);
			defaultConfigurationIsVisible = 0;
			defaultConfigurationName = Release;
		};
		DADC39FC2176204000BB5AF1 /* Build configuration list for PBXNativeTarget "PhotoMaps" */ = {
			isa = XCConfigurationList;
			buildConfigurations = (
				DADC39FD2176204000BB5AF1 /* Debug */,
				DADC39FE2176204000BB5AF1 /* Release */,
			);
			defaultConfigurationIsVisible = 0;
			defaultConfigurationName = Release;
		};
/* End XCConfigurationList section */
	};
	rootObject = DADC39E22176203F00BB5AF1 /* Project object */;
}
